
Microsoft Visual Studio Solution File, Format Version 12.00
# Visual Studio Version 17
VisualStudioVersion = 17.8.34330.188
MinimumVisualStudioVersion = 10.0.40219.1
Project("{8BC9CEB8-8B4A-11D0-8D11-00A0C91BC942}") = "MajorPrivacy", "MajorPrivacy\MajorPrivacy.vcxproj", "{6A53F08C-A04F-4F18-B0F8-0450A5447943}"
	ProjectSection(ProjectDependencies) = postProject
		{7AB8215A-59A4-4B8B-8090-16C87A860429} = {7AB8215A-59A4-4B8B-8090-16C87A860429}
		{EE8D515F-8182-44BD-A3C6-6B0B9199B0A7} = {EE8D515F-8182-44BD-A3C6-6B0B9199B0A7}
		{C03A7F87-8D90-40FC-A8CE-C6905FD934A1} = {C03A7F87-8D90-40FC-A8CE-C6905FD934A1}
	EndProjectSection
EndProject
Project("{2150E333-8FDC-42A3-9474-1A3956D46DE8}") = "Solution Items", "Solution Items", "{08ECB645-D275-4D9C-AC46-530C16C988C0}"
	ProjectSection(SolutionItems) = preProject
		TODO.md = TODO.md
	EndProjectSection
EndProject
Project("{8BC9CEB8-8B4A-11D0-8D11-00A0C91BC942}") = "MiscHelpers", "MiscHelpers\MiscHelpers.vcxproj", "{7AB8215A-59A4-4B8B-8090-16C87A860429}"
EndProject
Project("{8BC9CEB8-8B4A-11D0-8D11-00A0C91BC942}") = "PrivacyAgent", "Service\Service.vcxproj", "{EE8D515F-8182-44BD-A3C6-6B0B9199B0A7}"
	ProjectSection(ProjectDependencies) = postProject
		{C03A7F87-8D90-40FC-A8CE-C6905FD934A1} = {C03A7F87-8D90-40FC-A8CE-C6905FD934A1}
	EndProjectSection
EndProject
Project("{8BC9CEB8-8B4A-11D0-8D11-00A0C91BC942}") = "GeneralLibrary", "Library\Library.vcxproj", "{C03A7F87-8D90-40FC-A8CE-C6905FD934A1}"
EndProject
Global
	GlobalSection(SolutionConfigurationPlatforms) = preSolution
		Debug|ARM = Debug|ARM
		Debug|ARM64 = Debug|ARM64
		Debug|ARM64EC = Debug|ARM64EC
		Debug|x64 = Debug|x64
		Debug|x86 = Debug|x86
		Release|ARM = Release|ARM
		Release|ARM64 = Release|ARM64
		Release|ARM64EC = Release|ARM64EC
		Release|x64 = Release|x64
		Release|x86 = Release|x86
	EndGlobalSection
	GlobalSection(ProjectConfigurationPlatforms) = postSolution
		{6A53F08C-A04F-4F18-B0F8-0450A5447943}.Debug|ARM.ActiveCfg = Debug|x64
		{6A53F08C-A04F-4F18-B0F8-0450A5447943}.Debug|ARM64.ActiveCfg = Debug|x64
		{6A53F08C-A04F-4F18-B0F8-0450A5447943}.Debug|ARM64EC.ActiveCfg = Debug|x64
		{6A53F08C-A04F-4F18-B0F8-0450A5447943}.Debug|x64.ActiveCfg = Debug|x64
		{6A53F08C-A04F-4F18-B0F8-0450A5447943}.Debug|x64.Build.0 = Debug|x64
		{6A53F08C-A04F-4F18-B0F8-0450A5447943}.Debug|x86.ActiveCfg = Debug|Win32
		{6A53F08C-A04F-4F18-B0F8-0450A5447943}.Release|ARM.ActiveCfg = Release|x64
		{6A53F08C-A04F-4F18-B0F8-0450A5447943}.Release|ARM64.ActiveCfg = Release|x64
		{6A53F08C-A04F-4F18-B0F8-0450A5447943}.Release|ARM64EC.ActiveCfg = Release|x64
		{6A53F08C-A04F-4F18-B0F8-0450A5447943}.Release|x64.ActiveCfg = Release|x64
		{6A53F08C-A04F-4F18-B0F8-0450A5447943}.Release|x64.Build.0 = Release|x64
		{6A53F08C-A04F-4F18-B0F8-0450A5447943}.Release|x86.ActiveCfg = Release|x64
		{7AB8215A-59A4-4B8B-8090-16C87A860429}.Debug|ARM.ActiveCfg = Debug|Win32
		{7AB8215A-59A4-4B8B-8090-16C87A860429}.Debug|ARM64.ActiveCfg = Debug|x64
		{7AB8215A-59A4-4B8B-8090-16C87A860429}.Debug|ARM64EC.ActiveCfg = Debug|x64
		{7AB8215A-59A4-4B8B-8090-16C87A860429}.Debug|x64.ActiveCfg = Debug|x64
		{7AB8215A-59A4-4B8B-8090-16C87A860429}.Debug|x64.Build.0 = Debug|x64
		{7AB8215A-59A4-4B8B-8090-16C87A860429}.Debug|x86.ActiveCfg = Debug|Win32
		{7AB8215A-59A4-4B8B-8090-16C87A860429}.Debug|x86.Build.0 = Debug|Win32
		{7AB8215A-59A4-4B8B-8090-16C87A860429}.Release|ARM.ActiveCfg = Release|Win32
		{7AB8215A-59A4-4B8B-8090-16C87A860429}.Release|ARM64.ActiveCfg = Release|x64
		{7AB8215A-59A4-4B8B-8090-16C87A860429}.Release|ARM64EC.ActiveCfg = Release|x64
		{7AB8215A-59A4-4B8B-8090-16C87A860429}.Release|x64.ActiveCfg = Release|x64
		{7AB8215A-59A4-4B8B-8090-16C87A860429}.Release|x64.Build.0 = Release|x64
		{7AB8215A-59A4-4B8B-8090-16C87A860429}.Release|x86.ActiveCfg = Release|Win32
		{7AB8215A-59A4-4B8B-8090-16C87A860429}.Release|x86.Build.0 = Release|Win32
		{EE8D515F-8182-44BD-A3C6-6B0B9199B0A7}.Debug|ARM.ActiveCfg = Debug|Win32
		{EE8D515F-8182-44BD-A3C6-6B0B9199B0A7}.Debug|ARM64.ActiveCfg = Debug|ARM64
		{EE8D515F-8182-44BD-A3C6-6B0B9199B0A7}.Debug|ARM64.Build.0 = Debug|ARM64
		{EE8D515F-8182-44BD-A3C6-6B0B9199B0A7}.Debug|ARM64EC.ActiveCfg = Debug|ARM64
		{EE8D515F-8182-44BD-A3C6-6B0B9199B0A7}.Debug|ARM64EC.Build.0 = Debug|ARM64
		{EE8D515F-8182-44BD-A3C6-6B0B9199B0A7}.Debug|x64.ActiveCfg = Debug|x64
		{EE8D515F-8182-44BD-A3C6-6B0B9199B0A7}.Debug|x64.Build.0 = Debug|x64
		{EE8D515F-8182-44BD-A3C6-6B0B9199B0A7}.Debug|x86.ActiveCfg = Debug|Win32
		{EE8D515F-8182-44BD-A3C6-6B0B9199B0A7}.Debug|x86.Build.0 = Debug|Win32
		{EE8D515F-8182-44BD-A3C6-6B0B9199B0A7}.Release|ARM.ActiveCfg = Release|Win32
		{EE8D515F-8182-44BD-A3C6-6B0B9199B0A7}.Release|ARM64.ActiveCfg = Release|ARM64
		{EE8D515F-8182-44BD-A3C6-6B0B9199B0A7}.Release|ARM64.Build.0 = Release|ARM64
		{EE8D515F-8182-44BD-A3C6-6B0B9199B0A7}.Release|ARM64EC.ActiveCfg = Release|Win32
		{EE8D515F-8182-44BD-A3C6-6B0B9199B0A7}.Release|x64.ActiveCfg = Release|x64
		{EE8D515F-8182-44BD-A3C6-6B0B9199B0A7}.Release|x64.Build.0 = Release|x64
		{EE8D515F-8182-44BD-A3C6-6B0B9199B0A7}.Release|x86.ActiveCfg = Release|Win32
		{EE8D515F-8182-44BD-A3C6-6B0B9199B0A7}.Release|x86.Build.0 = Release|Win32
		{C03A7F87-8D90-40FC-A8CE-C6905FD934A1}.Debug|ARM.ActiveCfg = Debug|Win32
		{C03A7F87-8D90-40FC-A8CE-C6905FD934A1}.Debug|ARM64.ActiveCfg = Debug|ARM64
		{C03A7F87-8D90-40FC-A8CE-C6905FD934A1}.Debug|ARM64.Build.0 = Debug|ARM64
		{C03A7F87-8D90-40FC-A8CE-C6905FD934A1}.Debug|ARM64EC.ActiveCfg = Debug|ARM64EC
		{C03A7F87-8D90-40FC-A8CE-C6905FD934A1}.Debug|ARM64EC.Build.0 = Debug|ARM64EC
		{C03A7F87-8D90-40FC-A8CE-C6905FD934A1}.Debug|x64.ActiveCfg = Debug|x64
		{C03A7F87-8D90-40FC-A8CE-C6905FD934A1}.Debug|x64.Build.0 = Debug|x64
		{C03A7F87-8D90-40FC-A8CE-C6905FD934A1}.Debug|x86.ActiveCfg = Debug|Win32
		{C03A7F87-8D90-40FC-A8CE-C6905FD934A1}.Debug|x86.Build.0 = Debug|Win32
		{C03A7F87-8D90-40FC-A8CE-C6905FD934A1}.Release|ARM.ActiveCfg = Release|Win32
		{C03A7F87-8D90-40FC-A8CE-C6905FD934A1}.Release|ARM64.ActiveCfg = Release|ARM64
		{C03A7F87-8D90-40FC-A8CE-C6905FD934A1}.Release|ARM64.Build.0 = Release|ARM64
		{C03A7F87-8D90-40FC-A8CE-C6905FD934A1}.Release|ARM64EC.ActiveCfg = Release|ARM64EC
		{C03A7F87-8D90-40FC-A8CE-C6905FD934A1}.Release|ARM64EC.Build.0 = Release|ARM64EC
		{C03A7F87-8D90-40FC-A8CE-C6905FD934A1}.Release|x64.ActiveCfg = Release|x64
		{C03A7F87-8D90-40FC-A8CE-C6905FD934A1}.Release|x64.Build.0 = Release|x64
		{C03A7F87-8D90-40FC-A8CE-C6905FD934A1}.Release|x86.ActiveCfg = Release|Win32
		{C03A7F87-8D90-40FC-A8CE-C6905FD934A1}.Release|x86.Build.0 = Release|Win32
	EndGlobalSection
	GlobalSection(SolutionProperties) = preSolution
		HideSolutionNode = FALSE
	EndGlobalSection
	GlobalSection(ExtensibilityGlobals) = postSolution
		SolutionGuid = {CE7B1C47-02EF-49E1-87F6-F3946079F5B4}
	EndGlobalSection
EndGlobal
