<?xml version="1.0" encoding="utf-8"?>
<Project ToolsVersion="4.0" xmlns="http://schemas.microsoft.com/developer/msbuild/2003">
  <ItemGroup>
    <Filter Include="Source Files">
      <UniqueIdentifier>{4FC737F1-C7A5-4376-A066-2A32D752A2FF}</UniqueIdentifier>
      <Extensions>cpp;c;cc;cxx;def;odl;idl;hpj;bat;asm;asmx</Extensions>
    </Filter>
    <Filter Include="Header Files">
      <UniqueIdentifier>{93995380-89BD-4b04-88EB-625FBE52EBFB}</UniqueIdentifier>
      <Extensions>h;hh;hpp;hxx;hm;inl;inc;xsd</Extensions>
    </Filter>
    <Filter Include="Resource Files">
      <UniqueIdentifier>{D9D6E242-F8AF-46E4-B9FD-80ECBC20BA3E}</UniqueIdentifier>
      <Extensions>qrc;*</Extensions>
      <ParseFiles>false</ParseFiles>
    </Filter>
    <Filter Include="Form Files">
      <UniqueIdentifier>{99349809-55BA-4b9d-BF79-8FDBB0286EB3}</UniqueIdentifier>
      <Extensions>ui</Extensions>
    </Filter>
    <Filter Include="Resource Files">
      <UniqueIdentifier>{D9D6E242-F8AF-46E4-B9FD-80ECBC20BA3E}</UniqueIdentifier>
      <Extensions>qrc;*</Extensions>
      <ParseFiles>false</ParseFiles>
    </Filter>
    <Filter Include="GUI">
      <UniqueIdentifier>{f87113f1-60d4-4103-a698-491db090ed67}</UniqueIdentifier>
    </Filter>
    <Filter Include="Core">
      <UniqueIdentifier>{49ca243a-7324-43c5-a0a4-e35c980ad7ce}</UniqueIdentifier>
    </Filter>
    <Filter Include="Models">
      <UniqueIdentifier>{6575ddd7-938f-4859-b336-44313d560404}</UniqueIdentifier>
    </Filter>
    <Filter Include="Views">
      <UniqueIdentifier>{e976efba-63e2-41f5-bb56-15fb3192d977}</UniqueIdentifier>
    </Filter>
    <Filter Include="Pages">
      <UniqueIdentifier>{b2f5616a-367c-4c2c-8950-e8b884aded48}</UniqueIdentifier>
    </Filter>
    <Filter Include="Core\Programs">
      <UniqueIdentifier>{0cdbca93-afa1-462d-bdf2-e4f9e0f73743}</UniqueIdentifier>
    </Filter>
    <Filter Include="Common">
      <UniqueIdentifier>{27089cf2-ac72-48a0-9501-c74a1148fe51}</UniqueIdentifier>
    </Filter>
    <Filter Include="Core\Network">
      <UniqueIdentifier>{c943f17a-f558-4006-9ba7-7bffeb157861}</UniqueIdentifier>
    </Filter>
    <Filter Include="Windows">
      <UniqueIdentifier>{68593eb0-a1d4-436b-9f53-d23c826c49bf}</UniqueIdentifier>
    </Filter>
    <Filter Include="Helpers">
      <UniqueIdentifier>{a73082d3-41e7-4e47-b5e7-a814bd4bb4fd}</UniqueIdentifier>
    </Filter>
    <Filter Include="Core\Tweaks">
      <UniqueIdentifier>{54f9408a-dc1d-4cc1-8912-2183fc4281c5}</UniqueIdentifier>
    </Filter>
    <Filter Include="Core\Processes">
      <UniqueIdentifier>{55f1a6fc-3b81-4405-afc7-d03822200f72}</UniqueIdentifier>
    </Filter>
    <Filter Include="Core\Volumes">
      <UniqueIdentifier>{de74a96e-53f4-4030-820e-8233134a819a}</UniqueIdentifier>
    </Filter>
    <Filter Include="Models\Network">
      <UniqueIdentifier>{90a04e78-078f-42df-be48-61f2818d3492}</UniqueIdentifier>
    </Filter>
    <Filter Include="Models\Access">
      <UniqueIdentifier>{55324a15-c946-46aa-88d1-3d7b91dfc0cd}</UniqueIdentifier>
    </Filter>
    <Filter Include="Models\Program">
      <UniqueIdentifier>{ffc0eb03-3b8a-41b2-8a47-ec36f735711f}</UniqueIdentifier>
    </Filter>
    <Filter Include="Models\Process">
      <UniqueIdentifier>{c4b655a9-671f-40a8-b49f-0d5ff0ebcbc9}</UniqueIdentifier>
    </Filter>
    <Filter Include="Models\Tweaks">
      <UniqueIdentifier>{c6b7c229-1ec4-4fdf-8d9d-627746046ef5}</UniqueIdentifier>
    </Filter>
    <Filter Include="Models\Volumes">
      <UniqueIdentifier>{a791322e-0c29-4de2-b7f0-87cb8c8178d4}</UniqueIdentifier>
    </Filter>
    <Filter Include="Views\Access">
      <UniqueIdentifier>{4d63ef5b-fac0-45ed-81ce-24efbdc34003}</UniqueIdentifier>
    </Filter>
    <Filter Include="Views\Network">
      <UniqueIdentifier>{f79e8dbd-6cf3-469a-b030-ef9b7eeb20c4}</UniqueIdentifier>
    </Filter>
    <Filter Include="Views\Process">
      <UniqueIdentifier>{2c2a297e-8f29-497c-a211-5f451ce14d0c}</UniqueIdentifier>
    </Filter>
    <Filter Include="Views\Program">
      <UniqueIdentifier>{dbfe079f-1764-4326-b8b9-639ca78b1fd3}</UniqueIdentifier>
    </Filter>
    <Filter Include="Views\Tweaks">
      <UniqueIdentifier>{89466f95-25c8-4317-93d2-f9345e0f789c}</UniqueIdentifier>
    </Filter>
    <Filter Include="Views\Volumes">
      <UniqueIdentifier>{f7fdc3f4-ab19-4482-b351-2beb1cf68ff0}</UniqueIdentifier>
    </Filter>
    <Filter Include="Core\Access">
      <UniqueIdentifier>{348660f7-6e93-4382-9e57-838a3f6fa94c}</UniqueIdentifier>
    </Filter>
    <Filter Include="Core\Enclave">
      <UniqueIdentifier>{99bdf09f-f32f-4c15-9b71-2d0b525c2a7f}</UniqueIdentifier>
    </Filter>
    <Filter Include="Views\Enclaves">
      <UniqueIdentifier>{0a3f85e8-a374-4ed6-b4d5-1c5e4125687a}</UniqueIdentifier>
    </Filter>
    <Filter Include="Models\Enclaves">
      <UniqueIdentifier>{43f85f2d-72bb-435a-a630-7606ff630b82}</UniqueIdentifier>
    </Filter>
    <Filter Include="Translation Files">
      <UniqueIdentifier>{cc8e245a-64c7-4aaf-a429-0c286649e022}</UniqueIdentifier>
    </Filter>
    <Filter Include="Views\Home">
      <UniqueIdentifier>{05417d2f-c2b1-4de6-baae-13a2a87e4cd2}</UniqueIdentifier>
    </Filter>
    <Filter Include="Wizards">
      <UniqueIdentifier>{78dba3c0-d30c-423c-872d-410796d7f2e6}</UniqueIdentifier>
    </Filter>
    <Filter Include="Core\HashDB">
      <UniqueIdentifier>{ae7f2b7f-7aa7-4d6e-9b9f-a2afbc0963d9}</UniqueIdentifier>
    </Filter>
    <Filter Include="Helpers\Highliter">
      <UniqueIdentifier>{fad3803b-cdf0-4016-ad35-702339d5ae31}</UniqueIdentifier>
    </Filter>
  </ItemGroup>
  <ItemGroup>
    <ClCompile Include="main.cpp">
      <Filter>Source Files</Filter>
    </ClCompile>
    <ClCompile Include="pch.cpp">
      <Filter>Source Files</Filter>
    </ClCompile>
    <ClCompile Include="MajorPrivacy.cpp">
      <Filter>GUI</Filter>
    </ClCompile>
    <ClCompile Include="Core\PrivacyCore.cpp">
      <Filter>Core</Filter>
    </ClCompile>
    <ClCompile Include="Pages\NetworkPage.cpp">
      <Filter>Pages</Filter>
    </ClCompile>
    <ClCompile Include="Pages\AccessPage.cpp">
      <Filter>Pages</Filter>
    </ClCompile>
    <ClCompile Include="Pages\ProcessPage.cpp">
      <Filter>Pages</Filter>
    </ClCompile>
    <ClCompile Include="Core\Programs\AppPackage.cpp">
      <Filter>Core\Programs</Filter>
    </ClCompile>
    <ClCompile Include="Core\Programs\ProgramFile.cpp">
      <Filter>Core\Programs</Filter>
    </ClCompile>
    <ClCompile Include="Core\Programs\ProgramGroup.cpp">
      <Filter>Core\Programs</Filter>
    </ClCompile>
    <ClCompile Include="Core\Programs\ProgramItem.cpp">
      <Filter>Core\Programs</Filter>
    </ClCompile>
    <ClCompile Include="Core\Programs\ProgramManager.cpp">
      <Filter>Core\Programs</Filter>
    </ClCompile>
    <ClCompile Include="Core\Programs\ProgramPattern.cpp">
      <Filter>Core\Programs</Filter>
    </ClCompile>
    <ClCompile Include="Core\Programs\WindowsService.cpp">
      <Filter>Core\Programs</Filter>
    </ClCompile>
    <ClCompile Include="Pages\HomePage.cpp">
      <Filter>Pages</Filter>
    </ClCompile>
    <ClCompile Include="Core\Programs\AppInstallation.cpp">
      <Filter>Core\Programs</Filter>
    </ClCompile>
    <ClCompile Include="Windows\FirewallRuleWnd.cpp">
      <Filter>Windows</Filter>
    </ClCompile>
    <ClCompile Include="Core\Network\FwRule.cpp">
      <Filter>Core\Network</Filter>
    </ClCompile>
    <ClCompile Include="Core\Programs\ProgramID.cpp">
      <Filter>Core\Programs</Filter>
    </ClCompile>
    <ClCompile Include="Core\Network\Socket.cpp">
      <Filter>Core\Network</Filter>
    </ClCompile>
    <ClCompile Include="Helpers\WinHelper.cpp">
      <Filter>Helpers</Filter>
    </ClCompile>
    <ClCompile Include="Core\Network\NetLogEntry.cpp">
      <Filter>Core\Network</Filter>
    </ClCompile>
    <ClCompile Include="Core\TraceLogEntry.cpp">
      <Filter>Core</Filter>
    </ClCompile>
    <ClCompile Include="Pages\VolumePage.cpp">
      <Filter>Pages</Filter>
    </ClCompile>
    <ClCompile Include="Pages\TweakPage.cpp">
      <Filter>Pages</Filter>
    </ClCompile>
    <ClCompile Include="Core\Tweaks\Tweak.cpp">
      <Filter>Core\Tweaks</Filter>
    </ClCompile>
    <ClCompile Include="Core\Tweaks\TweakManager.cpp">
      <Filter>Core\Tweaks</Filter>
    </ClCompile>
    <ClCompile Include="Core\Network\TrafficEntry.cpp">
      <Filter>Core\Network</Filter>
    </ClCompile>
    <ClCompile Include="Windows\SettingsWindow.cpp">
      <Filter>Windows</Filter>
    </ClCompile>
    <ClCompile Include="Core\Network\DnsCacheEntry.cpp">
      <Filter>Core\Network</Filter>
    </ClCompile>
    <ClCompile Include="Pages\DnsPage.cpp">
      <Filter>Pages</Filter>
    </ClCompile>
    <ClCompile Include="Core\Network\NetworkManager.cpp">
      <Filter>Core\Network</Filter>
    </ClCompile>
    <ClCompile Include="Windows\PopUpWindow.cpp">
      <Filter>Windows</Filter>
    </ClCompile>
    <ClCompile Include="Pages\EnclavePage.cpp">
      <Filter>Pages</Filter>
    </ClCompile>
    <ClCompile Include="Core\Programs\ProgramRule.cpp">
      <Filter>Core\Programs</Filter>
    </ClCompile>
    <ClCompile Include="Windows\ProgramRuleWnd.cpp">
      <Filter>Windows</Filter>
    </ClCompile>
    <ClCompile Include="Core\Programs\ProgramLibrary.cpp">
      <Filter>Core\Programs</Filter>
    </ClCompile>
    <ClCompile Include="Core\Processes\ExecLogEntry.cpp">
      <Filter>Core\Processes</Filter>
    </ClCompile>
    <ClCompile Include="Core\Processes\Process.cpp">
      <Filter>Core\Processes</Filter>
    </ClCompile>
    <ClCompile Include="Core\Processes\ProcessList.cpp">
      <Filter>Core\Processes</Filter>
    </ClCompile>
    <ClCompile Include="Windows\VolumeWindow.cpp">
      <Filter>Windows</Filter>
    </ClCompile>
    <ClCompile Include="Core\Volumes\Volume.cpp">
      <Filter>Core\Volumes</Filter>
    </ClCompile>
    <ClCompile Include="Core\Volumes\VolumeManager.cpp">
      <Filter>Core\Volumes</Filter>
    </ClCompile>
    <ClCompile Include="Models\DnsCacheModel.cpp">
      <Filter>Models\Network</Filter>
    </ClCompile>
    <ClCompile Include="Models\FwRuleModel.cpp">
      <Filter>Models\Network</Filter>
    </ClCompile>
    <ClCompile Include="Models\NetTraceModel.cpp">
      <Filter>Models\Network</Filter>
    </ClCompile>
    <ClCompile Include="Models\AccessRuleModel.cpp">
      <Filter>Models\Access</Filter>
    </ClCompile>
    <ClCompile Include="Models\AccessTraceModel.cpp">
      <Filter>Models\Access</Filter>
    </ClCompile>
    <ClCompile Include="Models\SocketModel.cpp">
      <Filter>Models\Network</Filter>
    </ClCompile>
    <ClCompile Include="Models\TrafficModel.cpp">
      <Filter>Models\Network</Filter>
    </ClCompile>
    <ClCompile Include="Models\ProgramModel.cpp">
      <Filter>Models\Program</Filter>
    </ClCompile>
    <ClCompile Include="Models\ProgramRuleModel.cpp">
      <Filter>Models\Program</Filter>
    </ClCompile>
    <ClCompile Include="Models\ProcessModel.cpp">
      <Filter>Models\Process</Filter>
    </ClCompile>
    <ClCompile Include="Models\ProcessTraceModel.cpp">
      <Filter>Models\Process</Filter>
    </ClCompile>
    <ClCompile Include="Models\VolumeModel.cpp">
      <Filter>Models\Volumes</Filter>
    </ClCompile>
    <ClCompile Include="Models\TweakModel.cpp">
      <Filter>Models\Tweaks</Filter>
    </ClCompile>
    <ClCompile Include="Views\AccessRuleView.cpp">
      <Filter>Views\Access</Filter>
    </ClCompile>
    <ClCompile Include="Views\AccessTraceView.cpp">
      <Filter>Views\Access</Filter>
    </ClCompile>
    <ClCompile Include="Views\DnsCacheView.cpp">
      <Filter>Views\Network</Filter>
    </ClCompile>
    <ClCompile Include="Views\FwRuleView.cpp">
      <Filter>Views\Network</Filter>
    </ClCompile>
    <ClCompile Include="Views\NetTraceView.cpp">
      <Filter>Views\Network</Filter>
    </ClCompile>
    <ClCompile Include="Views\TrafficView.cpp">
      <Filter>Views\Network</Filter>
    </ClCompile>
    <ClCompile Include="Views\SocketView.cpp">
      <Filter>Views\Network</Filter>
    </ClCompile>
    <ClCompile Include="Views\ProcessTraceView.cpp">
      <Filter>Views\Process</Filter>
    </ClCompile>
    <ClCompile Include="Views\ProcessView.cpp">
      <Filter>Views\Process</Filter>
    </ClCompile>
    <ClCompile Include="Views\ProgramRuleView.cpp">
      <Filter>Views\Program</Filter>
    </ClCompile>
    <ClCompile Include="Views\ProgramView.cpp">
      <Filter>Views\Program</Filter>
    </ClCompile>
    <ClCompile Include="Views\TweakView.cpp">
      <Filter>Views\Tweaks</Filter>
    </ClCompile>
    <ClCompile Include="Views\VolumeView.cpp">
      <Filter>Views\Volumes</Filter>
    </ClCompile>
    <ClCompile Include="Core\Access\ResLogEntry.cpp">
      <Filter>Core\Access</Filter>
    </ClCompile>
    <ClCompile Include="Core\Access\AccessManager.cpp">
      <Filter>Core\Access</Filter>
    </ClCompile>
    <ClCompile Include="Core\Access\AccessRule.cpp">
      <Filter>Core\Access</Filter>
    </ClCompile>
    <ClCompile Include="Core\GenericRule.cpp">
      <Filter>Core</Filter>
    </ClCompile>
    <ClCompile Include="Views\TraceView.cpp">
      <Filter>Views</Filter>
    </ClCompile>
    <ClCompile Include="Models\TraceModel.cpp">
      <Filter>Models</Filter>
    </ClCompile>
    <ClCompile Include="Windows\AccessRuleWnd.cpp">
      <Filter>Windows</Filter>
    </ClCompile>
    <ClCompile Include="Views\LibraryView.cpp">
      <Filter>Views\Process</Filter>
    </ClCompile>
    <ClCompile Include="Models\LibraryModel.cpp">
      <Filter>Models\Process</Filter>
    </ClCompile>
    <ClCompile Include="Views\IngressView.cpp">
      <Filter>Views\Process</Filter>
    </ClCompile>
    <ClCompile Include="Models\IngressModel.cpp">
      <Filter>Models\Process</Filter>
    </ClCompile>
    <ClCompile Include="Views\ExecutionView.cpp">
      <Filter>Views\Process</Filter>
    </ClCompile>
    <ClCompile Include="Models\ExecutionModel.cpp">
      <Filter>Models\Process</Filter>
    </ClCompile>
    <ClCompile Include="Models\AccessModel.cpp">
      <Filter>Models\Access</Filter>
    </ClCompile>
    <ClCompile Include="Views\AccessView.cpp">
      <Filter>Views\Access</Filter>
    </ClCompile>
    <ClCompile Include="Core\Access\AccessEntry.cpp">
      <Filter>Core\Access</Filter>
    </ClCompile>
    <ClCompile Include="Core\Access\Handle.cpp">
      <Filter>Core\Access</Filter>
    </ClCompile>
    <ClCompile Include="Views\HandleView.cpp">
      <Filter>Views\Access</Filter>
    </ClCompile>
    <ClCompile Include="Models\HandleModel.cpp">
      <Filter>Models\Access</Filter>
    </ClCompile>
    <ClCompile Include="Windows\ProgramWnd.cpp">
      <Filter>Windows</Filter>
    </ClCompile>
    <ClCompile Include="Views\InfoView.cpp">
      <Filter>Views\Program</Filter>
    </ClCompile>
    <ClCompile Include="Views\AccessListView.cpp">
      <Filter>Views\Access</Filter>
    </ClCompile>
    <ClCompile Include="Core\API_Impl.cpp">
      <Filter>Core</Filter>
    </ClCompile>
    <ClCompile Include="Windows\OptionsTransferWnd.cpp">
      <Filter>Windows</Filter>
    </ClCompile>
    <ClCompile Include="Helpers\SidResolver.cpp">
      <Filter>Helpers</Filter>
    </ClCompile>
    <ClCompile Include="Helpers\IconCache.cpp">
      <Filter>Helpers</Filter>
    </ClCompile>
    <ClCompile Include="Windows\VariantEditorWnd.cpp">
      <Filter>Windows</Filter>
    </ClCompile>
    <ClCompile Include="Models\AccessListModel.cpp">
      <Filter>Models\Access</Filter>
    </ClCompile>
    <ClCompile Include="Windows\MountMgrWnd.cpp">
      <Filter>Windows</Filter>
    </ClCompile>
    <ClCompile Include="Views\TweakInfo.cpp">
      <Filter>Views\Tweaks</Filter>
    </ClCompile>
    <ClCompile Include="Windows\ProgramPicker.cpp">
      <Filter>Windows</Filter>
    </ClCompile>
    <ClCompile Include="Views\LibraryInfoView.cpp">
      <Filter>Views\Process</Filter>
    </ClCompile>
    <ClCompile Include="Core\Programs\ImageSignInfo.cpp">
      <Filter>Core\Programs</Filter>
    </ClCompile>
    <ClCompile Include="Windows\EnclaveWnd.cpp">
      <Filter>Windows</Filter>
    </ClCompile>
    <ClCompile Include="Core\Enclaves\Enclave.cpp">
      <Filter>Core\Enclave</Filter>
    </ClCompile>
    <ClCompile Include="Core\Enclaves\EnclaveManager.cpp">
      <Filter>Core\Enclave</Filter>
    </ClCompile>
    <ClCompile Include="Views\EnclaveView.cpp">
      <Filter>Views\Enclaves</Filter>
    </ClCompile>
    <ClCompile Include="Models\EnclaveModel.cpp">
      <Filter>Models\Enclaves</Filter>
    </ClCompile>
    <ClCompile Include="Windows\SignatureDbWnd.cpp">
      <Filter>Windows</Filter>
    </ClCompile>
    <ClCompile Include="Views\DnsRuleView.cpp">
      <Filter>Views\Network</Filter>
    </ClCompile>
    <ClCompile Include="Models\DnsRuleModel.cpp">
      <Filter>Models\Network</Filter>
    </ClCompile>
    <ClCompile Include="Core\Network\DnsRule.cpp">
      <Filter>Core\Network</Filter>
    </ClCompile>
    <ClCompile Include="Common\QtVariant.cpp">
      <Filter>Common</Filter>
    </ClCompile>
    <ClCompile Include="OnlineUpdater.cpp">
      <Filter>GUI</Filter>
    </ClCompile>
    <ClCompile Include="Helpers\WinAdmin.cpp">
      <Filter>Helpers</Filter>
    </ClCompile>
    <ClCompile Include="Wizards\SetupWizard.cpp">
      <Filter>Wizards</Filter>
    </ClCompile>
    <ClCompile Include="Windows\ScriptWindow.cpp">
      <Filter>Windows</Filter>
    </ClCompile>
    <ClCompile Include="Views\EventView.cpp">
      <Filter>Views\Home</Filter>
    </ClCompile>
    <ClCompile Include="Views\IssueView.cpp">
      <Filter>Views\Home</Filter>
    </ClCompile>
    <ClCompile Include="Views\StatusView.cpp">
      <Filter>Views\Home</Filter>
    </ClCompile>
    <ClCompile Include="Core\IssueManager.cpp">
      <Filter>Core</Filter>
    </ClCompile>
    <ClCompile Include="Core\EventLog.cpp">
      <Filter>Core</Filter>
    </ClCompile>
    <ClCompile Include="Core\HashDB\HashDB.cpp">
      <Filter>Core\HashDB</Filter>
    </ClCompile>
    <ClCompile Include="Core\HashDB\HashEntry.cpp">
      <Filter>Core\HashDB</Filter>
    </ClCompile>
    <ClCompile Include="Views\HashDBView.cpp">
      <Filter>Views\Program</Filter>
    </ClCompile>
    <ClCompile Include="Models\HashDBModel.cpp">
      <Filter>Models\Program</Filter>
    </ClCompile>
    <ClCompile Include="Windows\HashEntryWnd.cpp">
      <Filter>Windows</Filter>
    </ClCompile>
    <ClCompile Include="Helpers\Highliter\languagedata.cpp">
      <Filter>Helpers\Highliter</Filter>
    </ClCompile>
    <ClCompile Include="Helpers\Highliter\qsourcehighliter.cpp">
      <Filter>Helpers\Highliter</Filter>
    </ClCompile>
    <ClCompile Include="Helpers\Highliter\qsourcehighliterthemes.cpp">
      <Filter>Helpers\Highliter</Filter>
    </ClCompile>
    <ClCompile Include="Windows\VolumeConfigWnd.cpp">
      <Filter>Windows</Filter>
    </ClCompile>
  </ItemGroup>
  <ItemGroup>
    <ClInclude Include="pch.h">
      <Filter>Header Files</Filter>
    </ClInclude>
    <ClInclude Include="Resources\resource.h">
      <Filter>Resource Files</Filter>
    </ClInclude>
    <ClInclude Include="version.h">
      <Filter>Header Files</Filter>
    </ClInclude>
    <ClInclude Include="Core\Programs\ProgramID.h">
      <Filter>Core\Programs</Filter>
    </ClInclude>
    <ClInclude Include="Helpers\WinHelper.h">
      <Filter>Helpers</Filter>
    </ClInclude>
    <ClInclude Include="Core\Network\NetLogEntry.h">
      <Filter>Core\Network</Filter>
    </ClInclude>
    <ClInclude Include="Core\TraceLogEntry.h">
      <Filter>Core</Filter>
    </ClInclude>
    <ClInclude Include="Core\Processes\ExecLogEntry.h">
      <Filter>Core\Processes</Filter>
    </ClInclude>
    <ClInclude Include="Core\Access\ResLogEntry.h">
      <Filter>Core\Access</Filter>
    </ClInclude>
    <ClInclude Include="Core\Access\AccessEntry.h">
      <Filter>Core\Access</Filter>
    </ClInclude>
    <ClInclude Include="Helpers\IconCache.h">
      <Filter>Helpers</Filter>
    </ClInclude>
    <ClInclude Include="Core\Programs\ImageSignInfo.h">
      <Filter>Core\Programs</Filter>
    </ClInclude>
    <ClInclude Include="Common\QtVariant.h">
      <Filter>Common</Filter>
    </ClInclude>
    <ClInclude Include="Common\QtFlexGuid.h">
      <Filter>Common</Filter>
    </ClInclude>
    <ClInclude Include="Helpers\WinAdmin.h">
      <Filter>Helpers</Filter>
    </ClInclude>
    <ClInclude Include="Helpers\Highliter\languagedata.h">
      <Filter>Helpers\Highliter</Filter>
    </ClInclude>
    <ClInclude Include="Helpers\Highliter\qsourcehighliter.h">
      <Filter>Helpers\Highliter</Filter>
    </ClInclude>
    <ClInclude Include="Helpers\Highliter\qsourcehighliterthemes.h">
      <Filter>Helpers\Highliter</Filter>
    </ClInclude>
  </ItemGroup>
  <ItemGroup>
    <QtUic Include="Forms\FirewallRuleWnd.ui">
      <Filter>Form Files</Filter>
    </QtUic>
    <QtUic Include="Forms\SettingsWindow.ui">
      <Filter>Form Files</Filter>
    </QtUic>
    <QtUic Include="Forms\PopUpWindow.ui">
      <Filter>Form Files</Filter>
    </QtUic>
    <QtUic Include="Forms\ProgramRuleWnd.ui">
      <Filter>Form Files</Filter>
    </QtUic>
    <QtUic Include="Forms\VolumeWindow.ui">
      <Filter>Form Files</Filter>
    </QtUic>
    <QtUic Include="Forms\AccessRuleWnd.ui">
      <Filter>Form Files</Filter>
    </QtUic>
    <QtUic Include="Forms\ProgramWnd.ui">
      <Filter>Form Files</Filter>
    </QtUic>
    <QtUic Include="Forms\OptionsTransferWnd.ui">
      <Filter>Form Files</Filter>
    </QtUic>
    <QtUic Include="Forms\ProgramPicker.ui">
      <Filter>Form Files</Filter>
    </QtUic>
    <QtUic Include="Forms\EnclaveWnd.ui">
      <Filter>Form Files</Filter>
    </QtUic>
    <QtUic Include="Forms\ScriptWindow.ui">
      <Filter>Form Files</Filter>
    </QtUic>
    <QtUic Include="Forms\HashEntryWnd.ui">
      <Filter>Form Files</Filter>
    </QtUic>
    <QtUic Include="Forms\VolumeConfigWnd.ui">
      <Filter>Form Files</Filter>
    </QtUic>
  </ItemGroup>
  <ItemGroup>
    <QtMoc Include="MajorPrivacy.h">
      <Filter>GUI</Filter>
    </QtMoc>
    <QtMoc Include="Core\PrivacyCore.h">
      <Filter>Core</Filter>
    </QtMoc>
    <QtMoc Include="Pages\NetworkPage.h">
      <Filter>Pages</Filter>
    </QtMoc>
    <QtMoc Include="Pages\AccessPage.h">
      <Filter>Pages</Filter>
    </QtMoc>
    <QtMoc Include="Pages\ProcessPage.h">
      <Filter>Pages</Filter>
    </QtMoc>
    <QtMoc Include="Core\Programs\AppPackage.h">
      <Filter>Core\Programs</Filter>
    </QtMoc>
    <QtMoc Include="Core\Programs\ProgramFile.h">
      <Filter>Core\Programs</Filter>
    </QtMoc>
    <QtMoc Include="Core\Programs\ProgramGroup.h">
      <Filter>Core\Programs</Filter>
    </QtMoc>
    <QtMoc Include="Core\Programs\ProgramItem.h">
      <Filter>Core\Programs</Filter>
    </QtMoc>
    <QtMoc Include="Core\Programs\ProgramPattern.h">
      <Filter>Core\Programs</Filter>
    </QtMoc>
    <QtMoc Include="Core\Programs\WindowsService.h">
      <Filter>Core\Programs</Filter>
    </QtMoc>
    <QtMoc Include="Core\Programs\ProgramManager.h">
      <Filter>Core\Programs</Filter>
    </QtMoc>
    <QtMoc Include="Pages\HomePage.h">
      <Filter>Pages</Filter>
    </QtMoc>
    <QtMoc Include="Core\Programs\AppInstallation.h">
      <Filter>Core\Programs</Filter>
    </QtMoc>
    <QtMoc Include="Windows\FirewallRuleWnd.h">
      <Filter>Windows</Filter>
    </QtMoc>
    <QtMoc Include="Core\Network\FwRule.h">
      <Filter>Core\Network</Filter>
    </QtMoc>
    <QtMoc Include="Core\Network\Socket.h">
      <Filter>Core\Network</Filter>
    </QtMoc>
    <QtMoc Include="Pages\VolumePage.h">
      <Filter>Pages</Filter>
    </QtMoc>
    <QtMoc Include="Pages\TweakPage.h">
      <Filter>Pages</Filter>
    </QtMoc>
    <QtMoc Include="Core\Tweaks\Tweak.h">
      <Filter>Core\Tweaks</Filter>
    </QtMoc>
    <QtMoc Include="Core\Tweaks\TweakManager.h">
      <Filter>Core\Tweaks</Filter>
    </QtMoc>
    <QtMoc Include="Core\Network\TrafficEntry.h">
      <Filter>Core\Network</Filter>
    </QtMoc>
    <QtMoc Include="Windows\SettingsWindow.h">
      <Filter>Windows</Filter>
    </QtMoc>
    <QtMoc Include="Core\Network\DnsCacheEntry.h">
      <Filter>Core\Network</Filter>
    </QtMoc>
    <QtMoc Include="Pages\DnsPage.h">
      <Filter>Pages</Filter>
    </QtMoc>
    <QtMoc Include="Core\Network\NetworkManager.h">
      <Filter>Core\Network</Filter>
    </QtMoc>
    <QtMoc Include="Windows\PopUpWindow.h">
      <Filter>Windows</Filter>
    </QtMoc>
    <QtMoc Include="Pages\EnclavePage.h">
      <Filter>Pages</Filter>
    </QtMoc>
    <QtMoc Include="Core\Programs\ProgramRule.h">
      <Filter>Core\Programs</Filter>
    </QtMoc>
    <QtMoc Include="Windows\ProgramRuleWnd.h">
      <Filter>Windows</Filter>
    </QtMoc>
    <QtMoc Include="Core\Processes\Process.h">
      <Filter>Core\Processes</Filter>
    </QtMoc>
    <QtMoc Include="Core\Processes\ProcessList.h">
      <Filter>Core\Processes</Filter>
    </QtMoc>
    <QtMoc Include="Core\Programs\ProgramLibrary.h">
      <Filter>Core\Programs</Filter>
    </QtMoc>
    <QtMoc Include="Windows\VolumeWindow.h">
      <Filter>Windows</Filter>
    </QtMoc>
    <QtMoc Include="Core\Volumes\Volume.h">
      <Filter>Core\Volumes</Filter>
    </QtMoc>
    <QtMoc Include="Core\Volumes\VolumeManager.h">
      <Filter>Core\Volumes</Filter>
    </QtMoc>
    <QtMoc Include="Models\DnsCacheModel.h">
      <Filter>Models\Network</Filter>
    </QtMoc>
    <QtMoc Include="Models\FwRuleModel.h">
      <Filter>Models\Network</Filter>
    </QtMoc>
    <QtMoc Include="Models\NetTraceModel.h">
      <Filter>Models\Network</Filter>
    </QtMoc>
    <QtMoc Include="Models\SocketModel.h">
      <Filter>Models\Network</Filter>
    </QtMoc>
    <QtMoc Include="Models\TrafficModel.h">
      <Filter>Models\Network</Filter>
    </QtMoc>
    <QtMoc Include="Models\ProgramModel.h">
      <Filter>Models\Program</Filter>
    </QtMoc>
    <QtMoc Include="Models\ProgramRuleModel.h">
      <Filter>Models\Program</Filter>
    </QtMoc>
    <QtMoc Include="Models\ProcessModel.h">
      <Filter>Models\Process</Filter>
    </QtMoc>
    <QtMoc Include="Models\ProcessTraceModel.h">
      <Filter>Models\Process</Filter>
    </QtMoc>
    <QtMoc Include="Models\VolumeModel.h">
      <Filter>Models\Volumes</Filter>
    </QtMoc>
    <QtMoc Include="Models\TweakModel.h">
      <Filter>Models\Tweaks</Filter>
    </QtMoc>
    <QtMoc Include="Views\DnsCacheView.h">
      <Filter>Views\Network</Filter>
    </QtMoc>
    <QtMoc Include="Views\FwRuleView.h">
      <Filter>Views\Network</Filter>
    </QtMoc>
    <QtMoc Include="Views\NetTraceView.h">
      <Filter>Views\Network</Filter>
    </QtMoc>
    <QtMoc Include="Views\TrafficView.h">
      <Filter>Views\Network</Filter>
    </QtMoc>
    <QtMoc Include="Views\SocketView.h">
      <Filter>Views\Network</Filter>
    </QtMoc>
    <QtMoc Include="Views\ProcessTraceView.h">
      <Filter>Views\Process</Filter>
    </QtMoc>
    <QtMoc Include="Views\ProcessView.h">
      <Filter>Views\Process</Filter>
    </QtMoc>
    <QtMoc Include="Views\ProgramRuleView.h">
      <Filter>Views\Program</Filter>
    </QtMoc>
    <QtMoc Include="Views\ProgramView.h">
      <Filter>Views\Program</Filter>
    </QtMoc>
    <QtMoc Include="Views\TweakView.h">
      <Filter>Views\Tweaks</Filter>
    </QtMoc>
    <QtMoc Include="Views\VolumeView.h">
      <Filter>Views\Volumes</Filter>
    </QtMoc>
    <QtMoc Include="Views\AccessTraceView.h">
      <Filter>Views\Access</Filter>
    </QtMoc>
    <QtMoc Include="Models\AccessTraceModel.h">
      <Filter>Models\Access</Filter>
    </QtMoc>
    <QtMoc Include="Core\Access\AccessManager.h">
      <Filter>Core\Access</Filter>
    </QtMoc>
    <QtMoc Include="Core\Access\AccessRule.h">
      <Filter>Core\Access</Filter>
    </QtMoc>
    <QtMoc Include="Models\AccessRuleModel.h">
      <Filter>Models\Access</Filter>
    </QtMoc>
    <QtMoc Include="Views\AccessRuleView.h">
      <Filter>Views\Access</Filter>
    </QtMoc>
    <QtMoc Include="Core\GenericRule.h">
      <Filter>Core</Filter>
    </QtMoc>
    <QtMoc Include="Views\TraceView.h">
      <Filter>Views</Filter>
    </QtMoc>
    <QtMoc Include="Models\TraceModel.h">
      <Filter>Models</Filter>
    </QtMoc>
    <QtMoc Include="Windows\AccessRuleWnd.h">
      <Filter>Windows</Filter>
    </QtMoc>
    <QtMoc Include="Views\LibraryView.h">
      <Filter>Views\Process</Filter>
    </QtMoc>
    <QtMoc Include="Models\LibraryModel.h">
      <Filter>Models\Process</Filter>
    </QtMoc>
    <QtMoc Include="Views\IngressView.h">
      <Filter>Views\Process</Filter>
    </QtMoc>
    <QtMoc Include="Models\IngressModel.h">
      <Filter>Models\Process</Filter>
    </QtMoc>
    <QtMoc Include="Views\ExecutionView.h">
      <Filter>Views\Process</Filter>
    </QtMoc>
    <QtMoc Include="Models\ExecutionModel.h">
      <Filter>Models\Process</Filter>
    </QtMoc>
    <QtMoc Include="Models\AccessModel.h">
      <Filter>Models\Access</Filter>
    </QtMoc>
    <QtMoc Include="Views\AccessView.h">
      <Filter>Views\Access</Filter>
    </QtMoc>
    <QtMoc Include="Core\Access\Handle.h">
      <Filter>Core\Access</Filter>
    </QtMoc>
    <QtMoc Include="Views\HandleView.h">
      <Filter>Views\Access</Filter>
    </QtMoc>
    <QtMoc Include="Models\HandleModel.h">
      <Filter>Models\Access</Filter>
    </QtMoc>
    <QtMoc Include="Windows\ProgramWnd.h">
      <Filter>Windows</Filter>
    </QtMoc>
    <QtMoc Include="Views\InfoView.h">
      <Filter>Views\Program</Filter>
    </QtMoc>
    <QtMoc Include="Views\AccessListView.h">
      <Filter>Views\Access</Filter>
    </QtMoc>
    <QtMoc Include="Windows\OptionsTransferWnd.h">
      <Filter>Windows</Filter>
    </QtMoc>
    <QtMoc Include="Helpers\SidResolver.h">
      <Filter>Helpers</Filter>
    </QtMoc>
    <QtMoc Include="Windows\VariantEditorWnd.h">
      <Filter>Windows</Filter>
    </QtMoc>
    <QtMoc Include="Models\AccessListModel.h">
      <Filter>Models\Access</Filter>
    </QtMoc>
    <QtMoc Include="Windows\MountMgrWnd.h">
      <Filter>Windows</Filter>
    </QtMoc>
    <QtMoc Include="Views\TweakInfo.h">
      <Filter>Views\Tweaks</Filter>
    </QtMoc>
    <QtMoc Include="Windows\ProgramPicker.h">
      <Filter>Windows</Filter>
    </QtMoc>
    <QtMoc Include="Views\LibraryInfoView.h">
      <Filter>Views\Process</Filter>
    </QtMoc>
    <QtMoc Include="Windows\EnclaveWnd.h">
      <Filter>Windows</Filter>
    </QtMoc>
    <QtMoc Include="Core\Enclaves\Enclave.h">
      <Filter>Core\Enclave</Filter>
    </QtMoc>
    <QtMoc Include="Core\Enclaves\EnclaveManager.h">
      <Filter>Core\Enclave</Filter>
    </QtMoc>
    <QtMoc Include="Views\EnclaveView.h">
      <Filter>Views\Enclaves</Filter>
    </QtMoc>
    <QtMoc Include="Models\EnclaveModel.h">
      <Filter>Models\Enclaves</Filter>
    </QtMoc>
    <QtMoc Include="Windows\SignatureDbWnd.h">
      <Filter>Windows</Filter>
    </QtMoc>
    <QtMoc Include="Views\DnsRuleView.h">
      <Filter>Views\Network</Filter>
    </QtMoc>
    <QtMoc Include="Models\DnsRuleModel.h">
      <Filter>Models\Network</Filter>
    </QtMoc>
    <QtMoc Include="Core\Network\DnsRule.h">
      <Filter>Core\Network</Filter>
    </QtMoc>
    <QtMoc Include="OnlineUpdater.h">
      <Filter>GUI</Filter>
    </QtMoc>
    <QtMoc Include="Common\StatusEx.h">
      <Filter>Common</Filter>
    </QtMoc>
    <QtMoc Include="Wizards\SetupWizard.h">
      <Filter>Wizards</Filter>
    </QtMoc>
    <QtMoc Include="Windows\ScriptWindow.h">
      <Filter>Windows</Filter>
    </QtMoc>
    <QtMoc Include="Views\EventView.h">
      <Filter>Views\Home</Filter>
    </QtMoc>
    <QtMoc Include="Views\IssueView.h">
      <Filter>Views\Home</Filter>
    </QtMoc>
    <QtMoc Include="Views\StatusView.h">
      <Filter>Views\Home</Filter>
    </QtMoc>
    <QtMoc Include="Core\IssueManager.h">
      <Filter>Core</Filter>
    </QtMoc>
    <QtMoc Include="Core\EventLog.h">
      <Filter>Core</Filter>
    </QtMoc>
    <QtMoc Include="Core\HashDB\HashDB.h">
      <Filter>Core\HashDB</Filter>
    </QtMoc>
    <QtMoc Include="Core\HashDB\HashEntry.h">
      <Filter>Core\HashDB</Filter>
    </QtMoc>
    <QtMoc Include="Views\HashDBView.h">
      <Filter>Views\Program</Filter>
    </QtMoc>
    <QtMoc Include="Models\HashDBModel.h">
      <Filter>Models\Program</Filter>
    </QtMoc>
    <QtMoc Include="Windows\HashEntryWnd.h">
      <Filter>Windows</Filter>
    </QtMoc>
    <QtMoc Include="Windows\VolumeConfigWnd.h">
      <Filter>Windows</Filter>
    </QtMoc>
  </ItemGroup>
  <ItemGroup>
    <QtRcc Include="Resources\MajorPrivacy.qrc">
      <Filter>Resource Files</Filter>
    </QtRcc>
  </ItemGroup>
  <ItemGroup>
    <ResourceCompile Include="Resources\MajorPrivacy.rc">
      <Filter>Resource Files</Filter>
    </ResourceCompile>
  </ItemGroup>
  <ItemGroup>
    <QtTranslation Include="MajorPrivacy_de.ts">
      <Filter>Translation Files</Filter>
    </QtTranslation>
    <QtTranslation Include="MajorPrivacy_pl.ts">
      <Filter>Translation Files</Filter>
    </QtTranslation>
    <QtTranslation Include="MajorPrivacy_es.ts">
      <Filter>Translation Files</Filter>
    </QtTranslation>
    <QtTranslation Include="MajorPrivacy_fr.ts">
      <Filter>Translation Files</Filter>
    </QtTranslation>
    <QtTranslation Include="MajorPrivacy_zh_CN.ts">
      <Filter>Translation Files</Filter>
    </QtTranslation>
    <QtTranslation Include="MajorPrivacy_zh_TW.ts">
      <Filter>Translation Files</Filter>
    </QtTranslation>
    <QtTranslation Include="MajorPrivacy_it.ts">
      <Filter>Translation Files</Filter>
    </QtTranslation>
    <QtTranslation Include="MajorPrivacy_ja.ts">
      <Filter>Translation Files</Filter>
    </QtTranslation>
    <QtTranslation Include="MajorPrivacy_ko.ts">
      <Filter>Translation Files</Filter>
    </QtTranslation>
    <QtTranslation Include="MajorPrivacy_tr.ts">
      <Filter>Translation Files</Filter>
    </QtTranslation>
  </ItemGroup>
</Project>