<?xml version="1.0" encoding="utf-8"?>
<Project ToolsVersion="4.0" xmlns="http://schemas.microsoft.com/developer/msbuild/2003">
  <ItemGroup>
    <Filter Include="Source Files">
      <UniqueIdentifier>{4FC737F1-C7A5-4376-A066-2A32D752A2FF}</UniqueIdentifier>
      <Extensions>cpp;c;cc;cxx;c++;cppm;ixx;def;odl;idl;hpj;bat;asm;asmx</Extensions>
    </Filter>
    <Filter Include="Header Files">
      <UniqueIdentifier>{93995380-89BD-4b04-88EB-625FBE52EBFB}</UniqueIdentifier>
      <Extensions>h;hh;hpp;hxx;h++;hm;inl;inc;ipp;xsd</Extensions>
    </Filter>
    <Filter Include="Resource Files">
      <UniqueIdentifier>{67DA6AB6-F800-4c08-8B7A-83BB121AAD01}</UniqueIdentifier>
      <Extensions>rc;ico;cur;bmp;dlg;rc2;rct;bin;rgs;gif;jpg;jpeg;jpe;resx;tiff;tif;png;wav;mfcribbon-ms</Extensions>
    </Filter>
    <Filter Include="Common">
      <UniqueIdentifier>{1445fa48-8c7d-48c2-85ca-b0594421923b}</UniqueIdentifier>
    </Filter>
    <Filter Include="Core">
      <UniqueIdentifier>{2f2fbe86-3b0a-4a41-ac7c-eb523f9006c6}</UniqueIdentifier>
    </Filter>
  </ItemGroup>
  <ItemGroup>
    <ClInclude Include="Common\Buffer.h">
      <Filter>Common</Filter>
    </ClInclude>
    <ClInclude Include="Common\PathTree.h">
      <Filter>Common</Filter>
    </ClInclude>
    <ClInclude Include="Common\Variant.h">
      <Filter>Common</Filter>
    </ClInclude>
    <ClInclude Include="Common\VariantDefs.h">
      <Filter>Common</Filter>
    </ClInclude>
    <ClInclude Include="Common\SmartPattern.h">
      <Filter>Common</Filter>
    </ClInclude>
    <ClInclude Include="Core\Array.h">
      <Filter>Core</Filter>
    </ClInclude>
    <ClInclude Include="Core\Defer.h">
      <Filter>Core</Filter>
    </ClInclude>
    <ClInclude Include="Core\Framework.h">
      <Filter>Core</Filter>
    </ClInclude>
    <ClInclude Include="Core\Header.h">
      <Filter>Core</Filter>
    </ClInclude>
    <ClInclude Include="Core\List.h">
      <Filter>Core</Filter>
    </ClInclude>
    <ClInclude Include="Core\Map.h">
      <Filter>Core</Filter>
    </ClInclude>
    <ClInclude Include="Core\Memory.h">
      <Filter>Core</Filter>
    </ClInclude>
    <ClInclude Include="Core\Object.h">
      <Filter>Core</Filter>
    </ClInclude>
    <ClInclude Include="Core\Pair.h">
      <Filter>Core</Filter>
    </ClInclude>
    <ClInclude Include="Core\RetValue.h">
      <Filter>Core</Filter>
    </ClInclude>
    <ClInclude Include="Core\SafeRef.h">
      <Filter>Core</Filter>
    </ClInclude>
    <ClInclude Include="Core\SharedPtr.h">
      <Filter>Core</Filter>
    </ClInclude>
    <ClInclude Include="Core\String.h">
      <Filter>Core</Filter>
    </ClInclude>
    <ClInclude Include="Core\Table.h">
      <Filter>Core</Filter>
    </ClInclude>
    <ClInclude Include="Core\Types.h">
      <Filter>Core</Filter>
    </ClInclude>
    <ClInclude Include="Core\UniquePtr.h">
      <Filter>Core</Filter>
    </ClInclude>
    <ClInclude Include="Core\WeakPtr.h">
      <Filter>Core</Filter>
    </ClInclude>
    <ClInclude Include="Common\VariantRW.h">
      <Filter>Common</Filter>
    </ClInclude>
    <ClInclude Include="Core\Lock.h">
      <Filter>Core</Filter>
    </ClInclude>
    <ClInclude Include="Core\MemoryPool.h">
      <Filter>Core</Filter>
    </ClInclude>
  </ItemGroup>
  <ItemGroup>
    <ClCompile Include="Common\Buffer.cpp">
      <Filter>Common</Filter>
    </ClCompile>
    <ClCompile Include="Common\PathTree.cpp">
      <Filter>Common</Filter>
    </ClCompile>
    <ClCompile Include="Common\Variant.cpp">
      <Filter>Common</Filter>
    </ClCompile>
    <ClCompile Include="Common\SmartPattern.cpp">
      <Filter>Common</Filter>
    </ClCompile>
    <ClCompile Include="Core\Memory.cpp">
      <Filter>Core</Filter>
    </ClCompile>
    <ClCompile Include="Common\VariantRW.cpp">
      <Filter>Common</Filter>
    </ClCompile>
    <ClCompile Include="Core\Lock.cpp">
      <Filter>Core</Filter>
    </ClCompile>
    <ClCompile Include="Core\MemoryPool.cpp">
      <Filter>Core</Filter>
    </ClCompile>
  </ItemGroup>
</Project>